
Microsoft Visual Studio Solution File, Format Version 12.00
# Visual Studio Version 17
VisualStudioVersion = 17.11.35208.52
MinimumVisualStudioVersion = 10.0.40219.1
Project("{FAE04EC0-301F-11D3-BF4B-00C04F79EFBC}") = "new_practice7", "new_practice7.csproj", "{586AC85D-C72F-4FF8-A81D-AD7C7C1D9001}"
EndProject
Global
	GlobalSection(SolutionConfigurationPlatforms) = preSolution
		Debug|Any CPU = Debug|Any CPU
		Release|Any CPU = Release|Any CPU
	EndGlobalSection
	GlobalSection(ProjectConfigurationPlatforms) = postSolution
		{586AC85D-C72F-4FF8-A81D-AD7C7C1D9001}.Debug|Any CPU.ActiveCfg = Debug|Any CPU
		{586AC85D-C72F-4FF8-A81D-AD7C7C1D9001}.Debug|Any CPU.Build.0 = Debug|Any CPU
		{586AC85D-C72F-4FF8-A81D-AD7C7C1D9001}.Release|Any CPU.ActiveCfg = Release|Any CPU
		{586AC85D-C72F-4FF8-A81D-AD7C7C1D9001}.Release|Any CPU.Build.0 = Release|Any CPU
	EndGlobalSection
	GlobalSection(SolutionProperties) = preSolution
		HideSolutionNode = FALSE
	EndGlobalSection
	GlobalSection(ExtensibilityGlobals) = postSolution
		SolutionGuid = {CDB07129-1B3F-4211-980F-985B57ACDDE2}
	EndGlobalSection
EndGlobal
