
Microsoft Visual Studio Solution File, Format Version 12.00
# Visual Studio Version 17
VisualStudioVersion = 17.11.35208.52
MinimumVisualStudioVersion = 10.0.40219.1
Project("{FAE04EC0-301F-11D3-BF4B-00C04F79EFBC}") = "practice4", "practice4.csproj", "{31BCBA03-14C8-4273-BDF5-EB5586C364A6}"
EndProject
Global
	GlobalSection(SolutionConfigurationPlatforms) = preSolution
		Debug|Any CPU = Debug|Any CPU
		Release|Any CPU = Release|Any CPU
	EndGlobalSection
	GlobalSection(ProjectConfigurationPlatforms) = postSolution
		{31BCBA03-14C8-4273-BDF5-EB5586C364A6}.Debug|Any CPU.ActiveCfg = Debug|Any CPU
		{31BCBA03-14C8-4273-BDF5-EB5586C364A6}.Debug|Any CPU.Build.0 = Debug|Any CPU
		{31BCBA03-14C8-4273-BDF5-EB5586C364A6}.Release|Any CPU.ActiveCfg = Release|Any CPU
		{31BCBA03-14C8-4273-BDF5-EB5586C364A6}.Release|Any CPU.Build.0 = Release|Any CPU
	EndGlobalSection
	GlobalSection(SolutionProperties) = preSolution
		HideSolutionNode = FALSE
	EndGlobalSection
	GlobalSection(ExtensibilityGlobals) = postSolution
		SolutionGuid = {F1ACB4A1-0B09-4A6C-8869-F5F86638D68B}
	EndGlobalSection
EndGlobal
