
Microsoft Visual Studio Solution File, Format Version 12.00
# Visual Studio Version 17
VisualStudioVersion = 17.11.35208.52
MinimumVisualStudioVersion = 10.0.40219.1
Project("{FAE04EC0-301F-11D3-BF4B-00C04F79EFBC}") = "practice2", "practice2.csproj", "{F7B6D22B-7862-4FB8-9A42-A0BC048D11BC}"
EndProject
Global
	GlobalSection(SolutionConfigurationPlatforms) = preSolution
		Debug|Any CPU = Debug|Any CPU
		Release|Any CPU = Release|Any CPU
	EndGlobalSection
	GlobalSection(ProjectConfigurationPlatforms) = postSolution
		{F7B6D22B-7862-4FB8-9A42-A0BC048D11BC}.Debug|Any CPU.ActiveCfg = Debug|Any CPU
		{F7B6D22B-7862-4FB8-9A42-A0BC048D11BC}.Debug|Any CPU.Build.0 = Debug|Any CPU
		{F7B6D22B-7862-4FB8-9A42-A0BC048D11BC}.Release|Any CPU.ActiveCfg = Release|Any CPU
		{F7B6D22B-7862-4FB8-9A42-A0BC048D11BC}.Release|Any CPU.Build.0 = Release|Any CPU
	EndGlobalSection
	GlobalSection(SolutionProperties) = preSolution
		HideSolutionNode = FALSE
	EndGlobalSection
	GlobalSection(ExtensibilityGlobals) = postSolution
		SolutionGuid = {369F2D57-031E-4CB4-A9A5-4FE5746A958E}
	EndGlobalSection
EndGlobal
