
Microsoft Visual Studio Solution File, Format Version 12.00
# Visual Studio Version 17
VisualStudioVersion = 17.11.35208.52
MinimumVisualStudioVersion = 10.0.40219.1
Project("{FAE04EC0-301F-11D3-BF4B-00C04F79EFBC}") = "practice6", "practice6.csproj", "{567B9CC0-E37D-4A34-91A8-59FD7436D73C}"
EndProject
Global
	GlobalSection(SolutionConfigurationPlatforms) = preSolution
		Debug|Any CPU = Debug|Any CPU
		Release|Any CPU = Release|Any CPU
	EndGlobalSection
	GlobalSection(ProjectConfigurationPlatforms) = postSolution
		{567B9CC0-E37D-4A34-91A8-59FD7436D73C}.Debug|Any CPU.ActiveCfg = Debug|Any CPU
		{567B9CC0-E37D-4A34-91A8-59FD7436D73C}.Debug|Any CPU.Build.0 = Debug|Any CPU
		{567B9CC0-E37D-4A34-91A8-59FD7436D73C}.Release|Any CPU.ActiveCfg = Release|Any CPU
		{567B9CC0-E37D-4A34-91A8-59FD7436D73C}.Release|Any CPU.Build.0 = Release|Any CPU
	EndGlobalSection
	GlobalSection(SolutionProperties) = preSolution
		HideSolutionNode = FALSE
	EndGlobalSection
	GlobalSection(ExtensibilityGlobals) = postSolution
		SolutionGuid = {9ADADFFD-68AB-4D9F-B718-BFE996DC404E}
	EndGlobalSection
EndGlobal
